
Microsoft Visual Studio Solution File, Format Version 12.00
# Visual Studio Version 17
VisualStudioVersion = 17.8.34525.116
MinimumVisualStudioVersion = 10.0.40219.1
Project("{FAE04EC0-301F-11D3-BF4B-00C04F79EFBC}") = "PeerToPeerStorage.APP", "PeerToPeerStorage.APP\PeerToPeerStorage.APP.csproj", "{44D4DACC-5577-4352-BD5B-2B72427C0A58}"
EndProject
Project("{FAE04EC0-301F-11D3-BF4B-00C04F79EFBC}") = "PeerToPeerStorage.Service", "PeerToPeerStorage.Service\PeerToPeerStorage.Service.csproj", "{F2CD97DA-A314-4869-A13C-C0922A1EC882}"
EndProject
Project("{FAE04EC0-301F-11D3-BF4B-00C04F79EFBC}") = "PeerToPeerStorage.Common", "PeerToPeerStorage.Common\PeerToPeerStorage.Common.csproj", "{35323D7F-34B3-40C7-B166-59FE61FF6B46}"
EndProject
Global
	GlobalSection(SolutionConfigurationPlatforms) = preSolution
		Debug|Any CPU = Debug|Any CPU
		Release|Any CPU = Release|Any CPU
	EndGlobalSection
	GlobalSection(ProjectConfigurationPlatforms) = postSolution
		{44D4DACC-5577-4352-BD5B-2B72427C0A58}.Debug|Any CPU.ActiveCfg = Debug|Any CPU
		{44D4DACC-5577-4352-BD5B-2B72427C0A58}.Debug|Any CPU.Build.0 = Debug|Any CPU
		{44D4DACC-5577-4352-BD5B-2B72427C0A58}.Release|Any CPU.ActiveCfg = Release|Any CPU
		{44D4DACC-5577-4352-BD5B-2B72427C0A58}.Release|Any CPU.Build.0 = Release|Any CPU
		{F2CD97DA-A314-4869-A13C-C0922A1EC882}.Debug|Any CPU.ActiveCfg = Debug|Any CPU
		{F2CD97DA-A314-4869-A13C-C0922A1EC882}.Debug|Any CPU.Build.0 = Debug|Any CPU
		{F2CD97DA-A314-4869-A13C-C0922A1EC882}.Release|Any CPU.ActiveCfg = Release|Any CPU
		{F2CD97DA-A314-4869-A13C-C0922A1EC882}.Release|Any CPU.Build.0 = Release|Any CPU
		{35323D7F-34B3-40C7-B166-59FE61FF6B46}.Debug|Any CPU.ActiveCfg = Debug|Any CPU
		{35323D7F-34B3-40C7-B166-59FE61FF6B46}.Debug|Any CPU.Build.0 = Debug|Any CPU
		{35323D7F-34B3-40C7-B166-59FE61FF6B46}.Release|Any CPU.ActiveCfg = Release|Any CPU
		{35323D7F-34B3-40C7-B166-59FE61FF6B46}.Release|Any CPU.Build.0 = Release|Any CPU
	EndGlobalSection
	GlobalSection(SolutionProperties) = preSolution
		HideSolutionNode = FALSE
	EndGlobalSection
	GlobalSection(ExtensibilityGlobals) = postSolution
		SolutionGuid = {66128446-4734-4EFD-89CA-AD553BC09F81}
	EndGlobalSection
EndGlobal
